
Microsoft Visual Studio Solution File, Format Version 12.00
# Visual Studio Version 16
VisualStudioVersion = 16.0.30621.155
MinimumVisualStudioVersion = 10.0.40219.1
Project("{FAE04EC0-301F-11D3-BF4B-00C04F79EFBC}") = "InfoSystem", "InfoSystem.csproj", "{83748C95-76DD-4FED-818E-20EA1C18014C}"
EndProject
Global
	GlobalSection(SolutionConfigurationPlatforms) = preSolution
		Debug|Any CPU = Debug|Any CPU
		Release|Any CPU = Release|Any CPU
	EndGlobalSection
	GlobalSection(ProjectConfigurationPlatforms) = postSolution
		{83748C95-76DD-4FED-818E-20EA1C18014C}.Debug|Any CPU.ActiveCfg = Debug|Any CPU
		{83748C95-76DD-4FED-818E-20EA1C18014C}.Debug|Any CPU.Build.0 = Debug|Any CPU
		{83748C95-76DD-4FED-818E-20EA1C18014C}.Release|Any CPU.ActiveCfg = Release|Any CPU
		{83748C95-76DD-4FED-818E-20EA1C18014C}.Release|Any CPU.Build.0 = Release|Any CPU
	EndGlobalSection
	GlobalSection(SolutionProperties) = preSolution
		HideSolutionNode = FALSE
	EndGlobalSection
	GlobalSection(ExtensibilityGlobals) = postSolution
		SolutionGuid = {08D95ACA-C1F0-45D4-81AB-1737FAEB6D67}
	EndGlobalSection
EndGlobal
